{
  "version": 4,
  "terraform_version": "1.4.6",
  "serial": 50,
  "lineage": "8ab71097-4bd0-8314-942e-a890228e0dde",
  "outputs": {},
  "resources": [
    {
      "mode": "managed",
      "type": "aci_application_epg",
      "name": "application_epg",
      "provider": "provider[\"registry.terraform.io/ciscodevnet/aci\"]",
      "instances": [
        {
          "index_key": "ant_ndi_epg",
          "schema_version": 1,
          "attributes": {
            "annotation": "orchestrator:terraform",
            "application_profile_dn": "uni/tn-BICS_test/ap-ant_ndi_ap",
            "description": "",
            "exception_tag": "",
            "flood_on_encap": "disabled",
            "fwd_ctrl": "none",
            "has_mcast_source": "no",
            "id": "uni/tn-BICS_test/ap-ant_ndi_ap/epg-ant_ndi_epg",
            "is_attr_based_epg": "no",
            "match_t": "AtleastOne",
            "name": "ant_ndi_epg",
            "name_alias": "",
            "pc_enf_pref": "unenforced",
            "pref_gr_memb": "exclude",
            "prio": "unspecified",
            "relation_fv_rs_aepg_mon_pol": "",
            "relation_fv_rs_bd": "uni/tn-BICS_test/BD-ant_vl_1113_bd",
            "relation_fv_rs_cons": null,
            "relation_fv_rs_cons_if": null,
            "relation_fv_rs_cust_qos_pol": "",
            "relation_fv_rs_dpp_pol": "",
            "relation_fv_rs_fc_path_att": null,
            "relation_fv_rs_intra_epg": null,
            "relation_fv_rs_node_att": null,
            "relation_fv_rs_path_att": null,
            "relation_fv_rs_prot_by": null,
            "relation_fv_rs_prov": null,
            "relation_fv_rs_prov_def": null,
            "relation_fv_rs_sec_inherited": null,
            "relation_fv_rs_trust_ctrl": "",
            "shutdown": "no"
          },
          "sensitive_attributes": [],
          "private": "eyJzY2hlbWFfdmVyc2lvbiI6IjEifQ==",
          "dependencies": [
            "aci_application_profile.anp",
            "aci_bridge_domain.bridge_domain",
            "aci_tenant.tenant",
            "aci_vrf.vrf"
          ]
        }
      ]
    },
    {
      "mode": "managed",
      "type": "aci_application_profile",
      "name": "anp",
      "provider": "provider[\"registry.terraform.io/ciscodevnet/aci\"]",
      "instances": [
        {
          "index_key": "ant_ndi_ap",
          "schema_version": 1,
          "attributes": {
            "annotation": "orchestrator:terraform",
            "description": "",
            "id": "uni/tn-BICS_test/ap-ant_ndi_ap",
            "name": "ant_ndi_ap",
            "name_alias": "",
            "prio": "unspecified",
            "relation_fv_rs_ap_mon_pol": "",
            "tenant_dn": "uni/tn-BICS_test"
          },
          "sensitive_attributes": [],
          "private": "eyJzY2hlbWFfdmVyc2lvbiI6IjEifQ==",
          "dependencies": [
            "aci_tenant.tenant"
          ]
        }
      ]
    },
    {
      "mode": "managed",
      "type": "aci_bridge_domain",
      "name": "bridge_domain",
      "provider": "provider[\"registry.terraform.io/ciscodevnet/aci\"]",
      "instances": [
        {
          "index_key": "ant_vl_1112_bd",
          "schema_version": 1,
          "attributes": {
            "annotation": "orchestrator:terraform",
            "arp_flood": "yes",
            "bridge_domain_type": "regular",
            "description": "",
            "ep_clear": "no",
            "ep_move_detect_mode": "disable",
            "host_based_routing": "no",
            "id": "uni/tn-BICS_test/BD-ant_vl_1112_bd",
            "intersite_bum_traffic_allow": "no",
            "intersite_l2_stretch": "no",
            "ip_learning": "yes",
            "ipv6_mcast_allow": "no",
            "limit_ip_learn_to_subnets": "yes",
            "ll_addr": "::",
            "mac": "00:22:BD:F8:19:FF",
            "mcast_allow": "no",
            "multi_dst_pkt_act": "bd-flood",
            "name": "ant_vl_1112_bd",
            "name_alias": "",
            "optimize_wan_bandwidth": "no",
            "relation_fv_rs_abd_pol_mon_pol": "",
            "relation_fv_rs_bd_flood_to": null,
            "relation_fv_rs_bd_to_ep_ret": "",
            "relation_fv_rs_bd_to_fhs": "",
            "relation_fv_rs_bd_to_nd_p": "",
            "relation_fv_rs_bd_to_netflow_monitor_pol": [],
            "relation_fv_rs_bd_to_out": null,
            "relation_fv_rs_bd_to_profile": "",
            "relation_fv_rs_bd_to_relay_p": "",
            "relation_fv_rs_ctx": "uni/tn-BICS_test/ctx-inb",
            "relation_fv_rs_igmpsn": "",
            "relation_fv_rs_mldsn": "",
            "tenant_dn": "uni/tn-BICS_test",
            "unicast_route": "yes",
            "unk_mac_ucast_act": "proxy",
            "unk_mcast_act": "flood",
            "v6unk_mcast_act": "flood",
            "vmac": "not-applicable"
          },
          "sensitive_attributes": [],
          "private": "eyJzY2hlbWFfdmVyc2lvbiI6IjEifQ==",
          "dependencies": [
            "aci_tenant.tenant",
            "aci_vrf.vrf"
          ]
        },
        {
          "index_key": "ant_vl_1113_bd",
          "schema_version": 1,
          "attributes": {
            "annotation": "orchestrator:terraform",
            "arp_flood": "yes",
            "bridge_domain_type": "regular",
            "description": "",
            "ep_clear": "no",
            "ep_move_detect_mode": "disable",
            "host_based_routing": "no",
            "id": "uni/tn-BICS_test/BD-ant_vl_1113_bd",
            "intersite_bum_traffic_allow": "no",
            "intersite_l2_stretch": "no",
            "ip_learning": "yes",
            "ipv6_mcast_allow": "no",
            "limit_ip_learn_to_subnets": "yes",
            "ll_addr": "::",
            "mac": "00:22:BD:F8:19:FF",
            "mcast_allow": "no",
            "multi_dst_pkt_act": "bd-flood",
            "name": "ant_vl_1113_bd",
            "name_alias": "",
            "optimize_wan_bandwidth": "no",
            "relation_fv_rs_abd_pol_mon_pol": "",
            "relation_fv_rs_bd_flood_to": null,
            "relation_fv_rs_bd_to_ep_ret": "",
            "relation_fv_rs_bd_to_fhs": "",
            "relation_fv_rs_bd_to_nd_p": "",
            "relation_fv_rs_bd_to_netflow_monitor_pol": [],
            "relation_fv_rs_bd_to_out": null,
            "relation_fv_rs_bd_to_profile": "",
            "relation_fv_rs_bd_to_relay_p": "",
            "relation_fv_rs_ctx": "uni/tn-BICS_test/ctx-inb",
            "relation_fv_rs_igmpsn": "",
            "relation_fv_rs_mldsn": "",
            "tenant_dn": "uni/tn-BICS_test",
            "unicast_route": "yes",
            "unk_mac_ucast_act": "proxy",
            "unk_mcast_act": "flood",
            "v6unk_mcast_act": "flood",
            "vmac": "not-applicable"
          },
          "sensitive_attributes": [],
          "private": "eyJzY2hlbWFfdmVyc2lvbiI6IjEifQ==",
          "dependencies": [
            "aci_tenant.tenant",
            "aci_vrf.vrf"
          ]
        }
      ]
    },
    {
      "mode": "managed",
      "type": "aci_epg_to_static_path",
      "name": "static",
      "provider": "provider[\"registry.terraform.io/ciscodevnet/aci\"]",
      "instances": [
        {
          "index_key": "ant_ndi_epg_0333",
          "schema_version": 1,
          "attributes": {
            "annotation": "orchestrator:terraform",
            "application_epg_dn": "uni/tn-BICS_test/ap-ant_ndi_ap/epg-ant_ndi_epg",
            "description": null,
            "encap": "vlan-1113",
            "id": "uni/tn-BICS_test/ap-ant_ndi_ap/epg-ant_ndi_epg/rspathAtt-[topology/pod-1/paths-1702/pathep-[eth1/7]]",
            "instr_imedcy": "lazy",
            "mode": "untagged",
            "primary_encap": "unknown",
            "tdn": "topology/pod-1/paths-1702/pathep-[eth1/7]"
          },
          "sensitive_attributes": [],
          "private": "eyJzY2hlbWFfdmVyc2lvbiI6IjEifQ==",
          "dependencies": [
            "aci_application_epg.application_epg",
            "aci_application_profile.anp",
            "aci_bridge_domain.bridge_domain",
            "aci_tenant.tenant",
            "aci_vrf.vrf"
          ]
        },
        {
          "index_key": "ant_ndi_epg_2494",
          "schema_version": 1,
          "attributes": {
            "annotation": "orchestrator:terraform",
            "application_epg_dn": "uni/tn-BICS_test/ap-ant_ndi_ap/epg-ant_ndi_epg",
            "description": null,
            "encap": "vlan-1113",
            "id": "uni/tn-BICS_test/ap-ant_ndi_ap/epg-ant_ndi_epg/rspathAtt-[topology/pod-1/paths-1701/pathep-[eth1/5]]",
            "instr_imedcy": "lazy",
            "mode": "untagged",
            "primary_encap": "unknown",
            "tdn": "topology/pod-1/paths-1701/pathep-[eth1/5]"
          },
          "sensitive_attributes": [],
          "private": "eyJzY2hlbWFfdmVyc2lvbiI6IjEifQ==",
          "dependencies": [
            "aci_application_epg.application_epg",
            "aci_application_profile.anp",
            "aci_bridge_domain.bridge_domain",
            "aci_tenant.tenant",
            "aci_vrf.vrf"
          ]
        },
        {
          "index_key": "ant_ndi_epg_2686",
          "schema_version": 1,
          "attributes": {
            "annotation": "orchestrator:terraform",
            "application_epg_dn": "uni/tn-BICS_test/ap-ant_ndi_ap/epg-ant_ndi_epg",
            "description": null,
            "encap": "vlan-1113",
            "id": "uni/tn-BICS_test/ap-ant_ndi_ap/epg-ant_ndi_epg/rspathAtt-[topology/pod-1/paths-1701/pathep-[eth1/6]]",
            "instr_imedcy": "lazy",
            "mode": "untagged",
            "primary_encap": "unknown",
            "tdn": "topology/pod-1/paths-1701/pathep-[eth1/6]"
          },
          "sensitive_attributes": [],
          "private": "eyJzY2hlbWFfdmVyc2lvbiI6IjEifQ==",
          "dependencies": [
            "aci_application_epg.application_epg",
            "aci_application_profile.anp",
            "aci_bridge_domain.bridge_domain",
            "aci_tenant.tenant",
            "aci_vrf.vrf"
          ]
        },
        {
          "index_key": "ant_ndi_epg_6531",
          "schema_version": 1,
          "attributes": {
            "annotation": "orchestrator:terraform",
            "application_epg_dn": "uni/tn-BICS_test/ap-ant_ndi_ap/epg-ant_ndi_epg",
            "description": null,
            "encap": "vlan-1113",
            "id": "uni/tn-BICS_test/ap-ant_ndi_ap/epg-ant_ndi_epg/rspathAtt-[topology/pod-1/paths-1701/pathep-[eth1/7]]",
            "instr_imedcy": "lazy",
            "mode": "untagged",
            "primary_encap": "unknown",
            "tdn": "topology/pod-1/paths-1701/pathep-[eth1/7]"
          },
          "sensitive_attributes": [],
          "private": "eyJzY2hlbWFfdmVyc2lvbiI6IjEifQ==",
          "dependencies": [
            "aci_application_epg.application_epg",
            "aci_application_profile.anp",
            "aci_bridge_domain.bridge_domain",
            "aci_tenant.tenant",
            "aci_vrf.vrf"
          ]
        },
        {
          "index_key": "ant_ndi_epg_8754",
          "schema_version": 1,
          "attributes": {
            "annotation": "orchestrator:terraform",
            "application_epg_dn": "uni/tn-BICS_test/ap-ant_ndi_ap/epg-ant_ndi_epg",
            "description": null,
            "encap": "vlan-1113",
            "id": "uni/tn-BICS_test/ap-ant_ndi_ap/epg-ant_ndi_epg/rspathAtt-[topology/pod-1/paths-1702/pathep-[eth1/6]]",
            "instr_imedcy": "lazy",
            "mode": "untagged",
            "primary_encap": "unknown",
            "tdn": "topology/pod-1/paths-1702/pathep-[eth1/6]"
          },
          "sensitive_attributes": [],
          "private": "eyJzY2hlbWFfdmVyc2lvbiI6IjEifQ==",
          "dependencies": [
            "aci_application_epg.application_epg",
            "aci_application_profile.anp",
            "aci_bridge_domain.bridge_domain",
            "aci_tenant.tenant",
            "aci_vrf.vrf"
          ]
        },
        {
          "index_key": "ant_ndi_epg_8946",
          "schema_version": 1,
          "attributes": {
            "annotation": "orchestrator:terraform",
            "application_epg_dn": "uni/tn-BICS_test/ap-ant_ndi_ap/epg-ant_ndi_epg",
            "description": null,
            "encap": "vlan-1113",
            "id": "uni/tn-BICS_test/ap-ant_ndi_ap/epg-ant_ndi_epg/rspathAtt-[topology/pod-1/paths-1702/pathep-[eth1/5]]",
            "instr_imedcy": "lazy",
            "mode": "untagged",
            "primary_encap": "unknown",
            "tdn": "topology/pod-1/paths-1702/pathep-[eth1/5]"
          },
          "sensitive_attributes": [],
          "private": "eyJzY2hlbWFfdmVyc2lvbiI6IjEifQ==",
          "dependencies": [
            "aci_application_epg.application_epg",
            "aci_application_profile.anp",
            "aci_bridge_domain.bridge_domain",
            "aci_tenant.tenant",
            "aci_vrf.vrf"
          ]
        }
      ]
    },
    {
      "mode": "managed",
      "type": "aci_tenant",
      "name": "tenant",
      "provider": "provider[\"registry.terraform.io/ciscodevnet/aci\"]",
      "instances": [
        {
          "index_key": "BICS_test",
          "schema_version": 1,
          "attributes": {
            "annotation": "orchestrator:terraform",
            "description": "",
            "id": "uni/tn-BICS_test",
            "name": "BICS_test",
            "name_alias": "",
            "relation_fv_rs_tenant_mon_pol": "",
            "relation_fv_rs_tn_deny_rule": null
          },
          "sensitive_attributes": [],
          "private": "eyJzY2hlbWFfdmVyc2lvbiI6IjEifQ=="
        }
      ]
    },
    {
      "mode": "managed",
      "type": "aci_vrf",
      "name": "vrf",
      "provider": "provider[\"registry.terraform.io/ciscodevnet/aci\"]",
      "instances": [
        {
          "index_key": "inb",
          "schema_version": 1,
          "attributes": {
            "annotation": "orchestrator:terraform",
            "bd_enforced_enable": "no",
            "description": "",
            "id": "uni/tn-BICS_test/ctx-inb",
            "ip_data_plane_learning": "enabled",
            "knw_mcast_act": "permit",
            "name": "inb",
            "name_alias": "",
            "pc_enf_dir": "ingress",
            "pc_enf_pref": "enforced",
            "relation_fv_rs_bgp_ctx_pol": "",
            "relation_fv_rs_ctx_mcast_to": null,
            "relation_fv_rs_ctx_mon_pol": "",
            "relation_fv_rs_ctx_to_bgp_ctx_af_pol": [],
            "relation_fv_rs_ctx_to_eigrp_ctx_af_pol": [],
            "relation_fv_rs_ctx_to_ep_ret": "",
            "relation_fv_rs_ctx_to_ext_route_tag_pol": "",
            "relation_fv_rs_ctx_to_ospf_ctx_pol": [],
            "relation_fv_rs_ospf_ctx_pol": "",
            "relation_fv_rs_vrf_validation_pol": "",
            "tenant_dn": "uni/tn-BICS_test"
          },
          "sensitive_attributes": [],
          "private": "eyJzY2hlbWFfdmVyc2lvbiI6IjEifQ==",
          "dependencies": [
            "aci_tenant.tenant"
          ]
        }
      ]
    }
  ],
  "check_results": null
}
