{
  "version": 4,
  "terraform_version": "1.7.5",
  "serial": 29,
  "lineage": "0b1337b1-cf04-da2d-32d6-37c24d2b1bd7",
  "outputs": {},
  "resources": [
    {
      "mode": "managed",
      "type": "dcnm_vrf",
      "name": "VRF-1",
      "provider": "provider[\"registry.terraform.io/ciscodevnet/dcnm\"]",
      "instances": [
        {
          "status": "tainted",
          "schema_version": 0,
          "attributes": {
            "advertise_default_route": "true",
            "advertise_host_route": null,
            "attachments": [
              {
                "attach": true,
                "extension_values": "",
                "free_form_config": "",
                "loopback_id": 0,
                "loopback_ipv4": "",
                "loopback_ipv6": "",
                "serial_number": "99RHB5FSQSS",
                "vlan_id": 0,
                "vrf_lite": []
              },
              {
                "attach": true,
                "extension_values": "",
                "free_form_config": "",
                "loopback_id": 0,
                "loopback_ipv4": "",
                "loopback_ipv6": "",
                "serial_number": "9Q6LEFTSEDU",
                "vlan_id": 0,
                "vrf_lite": []
              }
            ],
            "deploy": true,
            "deploy_timeout": 300,
            "description": "VRF-1",
            "extension_template": "Default_VRF_Extension_Universal",
            "fabric_name": "S1-VXLAN-EVPN",
            "id": "VRF-1",
            "intf_description": "VRF-1",
            "ipv6_link_local_flag": "true",
            "loopback_id": null,
            "max_bgp_path": 1,
            "max_ibgp_path": 2,
            "mtu": 9216,
            "mutlicast_address": null,
            "mutlicast_group": null,
            "name": "VRF-1",
            "rp_address": null,
            "rp_external_flag": null,
            "segment_id": "50001",
            "service_template": null,
            "source": null,
            "static_default_route": "true",
            "tag": "12345",
            "template": "Default_VRF_Universal",
            "trm_bgw_msite_flag": null,
            "trm_enable": null,
            "vlan_id": 2001,
            "vlan_name": "VRF-1"
          },
          "sensitive_attributes": [],
          "private": "bnVsbA=="
        }
      ]
    }
  ],
  "check_results": null
}
