{
  "version": 4,
  "terraform_version": "1.4.6",
  "serial": 21,
  "lineage": "0b1337b1-cf04-da2d-32d6-37c24d2b1bd7",
  "outputs": {},
  "resources": [
    {
      "mode": "managed",
      "type": "dcnm_vrf",
      "name": "VRF-1",
      "provider": "provider[\"registry.terraform.io/ciscodevnet/dcnm\"]",
      "instances": [
        {
          "schema_version": 0,
          "attributes": {
            "advertise_default_route": "true",
            "advertise_host_route": "false",
            "attachments": [],
            "deploy": false,
            "deploy_timeout": 300,
            "description": "VRF-1",
            "extension_template": "Default_VRF_Extension_Universal",
            "fabric_name": "S1-VXLAN-EVPN",
            "id": "VRF-1",
            "intf_description": "VRF-1",
            "ipv6_link_local_flag": "true",
            "loopback_id": null,
            "max_bgp_path": 1,
            "max_ibgp_path": 2,
            "mtu": 9216,
            "mutlicast_address": null,
            "mutlicast_group": "",
            "name": "VRF-1",
            "rp_address": null,
            "rp_external_flag": "false",
            "segment_id": "50001",
            "service_template": null,
            "source": null,
            "static_default_route": "true",
            "tag": "12345",
            "template": "Default_VRF_Universal",
            "trm_bgw_msite_flag": "false",
            "trm_enable": "false",
            "vlan_id": 2001,
            "vlan_name": "VRF-1"
          },
          "sensitive_attributes": [],
          "private": "bnVsbA=="
        }
      ]
    }
  ],
  "check_results": null
}
